// !$*UTF8*$!
{
	archiveVersion = 1;
	classes = {
	};
	objectVersion = 51;
	objects = {

/* Begin PBXBuildFile section */
		0473EA11E77DDFF5473805A5 /* Pods_AccountabilityPodsTests.framework in Frameworks */ = {isa = PBXBuildFile; fileRef = AEA0A851443E34330BA3775D /* Pods_AccountabilityPodsTests.framework */; };
		38FF0D9A37D5687DAEDBB7B7 /* Pods_AccountabilityPods_AccountabilityPodsUITests.framework in Frameworks */ = {isa = PBXBuildFile; fileRef = 35D451B40E566A45C96FB311 /* Pods_AccountabilityPods_AccountabilityPodsUITests.framework */; };
		442DC923257873DA00036D18 /* MessagingViewController.swift in Sources */ = {isa = PBXBuildFile; fileRef = 442DC922257873DA00036D18 /* MessagingViewController.swift */; };
		5B155AB425E3A9EBFE4D1292 /* Pods_AccountabilityPods.framework in Frameworks */ = {isa = PBXBuildFile; fileRef = 4BC1EAE7E29B671B16CA125D /* Pods_AccountabilityPods.framework */; };
		AE145E2125716A2E00AF0F0C /* ResourceCreationViewController.swift in Sources */ = {isa = PBXBuildFile; fileRef = AE145E2025716A2D00AF0F0C /* ResourceCreationViewController.swift */; };
		AE77454225797C1B000CB90C /* ResourceBrowseViewController.swift in Sources */ = {isa = PBXBuildFile; fileRef = AE77454125797C1B000CB90C /* ResourceBrowseViewController.swift */; };
		AE77454725797C46000CB90C /* ResourceCell.swift in Sources */ = {isa = PBXBuildFile; fileRef = AE77454625797C46000CB90C /* ResourceCell.swift */; };
		C3299BF825700BBD00D2C3D7 /* SignUpViewController.swift in Sources */ = {isa = PBXBuildFile; fileRef = C3299BF725700BBD00D2C3D7 /* SignUpViewController.swift */; };
		C3299BFD25700BCE00D2C3D7 /* LoginViewController.swift in Sources */ = {isa = PBXBuildFile; fileRef = C3299BFC25700BCE00D2C3D7 /* LoginViewController.swift */; };
		C3299C0225700BE100D2C3D7 /* HomeViewController.swift in Sources */ = {isa = PBXBuildFile; fileRef = C3299C0125700BE100D2C3D7 /* HomeViewController.swift */; };
		C3299C0B257016C800D2C3D7 /* ForgotPasswordViewController.swift in Sources */ = {isa = PBXBuildFile; fileRef = C3299C0A257016C800D2C3D7 /* ForgotPasswordViewController.swift */; };
		C3299C3D2570660E00D2C3D7 /* Utilities.swift in Sources */ = {isa = PBXBuildFile; fileRef = C3299C3C2570660E00D2C3D7 /* Utilities.swift */; };
		C3299C5F2571324800D2C3D7 /* Constants.swift in Sources */ = {isa = PBXBuildFile; fileRef = C3299C5E2571324800D2C3D7 /* Constants.swift */; };
		D43570D1257975E500FCE20C /* MyPodViewController.swift in Sources */ = {isa = PBXBuildFile; fileRef = D43570D0257975E500FCE20C /* MyPodViewController.swift */; };
		D43570D52579967900FCE20C /* SkillsViewController.swift in Sources */ = {isa = PBXBuildFile; fileRef = D43570D42579967900FCE20C /* SkillsViewController.swift */; };
		D484062B2545CB7F0020830A /* AppDelegate.swift in Sources */ = {isa = PBXBuildFile; fileRef = D484062A2545CB7F0020830A /* AppDelegate.swift */; };
		D484062D2545CB7F0020830A /* SceneDelegate.swift in Sources */ = {isa = PBXBuildFile; fileRef = D484062C2545CB7F0020830A /* SceneDelegate.swift */; };
		D484062F2545CB7F0020830A /* ViewController.swift in Sources */ = {isa = PBXBuildFile; fileRef = D484062E2545CB7F0020830A /* ViewController.swift */; };
		D48406322545CB7F0020830A /* Main.storyboard in Resources */ = {isa = PBXBuildFile; fileRef = D48406302545CB7F0020830A /* Main.storyboard */; };
		D48406342545CB800020830A /* Assets.xcassets in Resources */ = {isa = PBXBuildFile; fileRef = D48406332545CB800020830A /* Assets.xcassets */; };
		D48406372545CB800020830A /* LaunchScreen.storyboard in Resources */ = {isa = PBXBuildFile; fileRef = D48406352545CB800020830A /* LaunchScreen.storyboard */; };
		D48406422545CB800020830A /* AccountabilityPodsTests.swift in Sources */ = {isa = PBXBuildFile; fileRef = D48406412545CB800020830A /* AccountabilityPodsTests.swift */; };
		D484064D2545CB800020830A /* AccountabilityPodsUITests.swift in Sources */ = {isa = PBXBuildFile; fileRef = D484064C2545CB800020830A /* AccountabilityPodsUITests.swift */; };
		D4AF46642562D9EF002CFE4C /* GoogleService-Info.plist in Resources */ = {isa = PBXBuildFile; fileRef = D4AF46632562D9EF002CFE4C /* GoogleService-Info.plist */; };
/* End PBXBuildFile section */

/* Begin PBXContainerItemProxy section */
		D484063E2545CB800020830A /* PBXContainerItemProxy */ = {
			isa = PBXContainerItemProxy;
			containerPortal = D484061F2545CB7F0020830A /* Project object */;
			proxyType = 1;
			remoteGlobalIDString = D48406262545CB7F0020830A;
			remoteInfo = AccountabilityPods;
		};
		D48406492545CB800020830A /* PBXContainerItemProxy */ = {
			isa = PBXContainerItemProxy;
			containerPortal = D484061F2545CB7F0020830A /* Project object */;
			proxyType = 1;
			remoteGlobalIDString = D48406262545CB7F0020830A;
			remoteInfo = AccountabilityPods;
		};
/* End PBXContainerItemProxy section */

/* Begin PBXFileReference section */
		35D451B40E566A45C96FB311 /* Pods_AccountabilityPods_AccountabilityPodsUITests.framework */ = {isa = PBXFileReference; explicitFileType = wrapper.framework; includeInIndex = 0; path = Pods_AccountabilityPods_AccountabilityPodsUITests.framework; sourceTree = BUILT_PRODUCTS_DIR; };
		442DC922257873DA00036D18 /* MessagingViewController.swift */ = {isa = PBXFileReference; lastKnownFileType = sourcecode.swift; path = MessagingViewController.swift; sourceTree = "<group>"; };
		4BC1EAE7E29B671B16CA125D /* Pods_AccountabilityPods.framework */ = {isa = PBXFileReference; explicitFileType = wrapper.framework; includeInIndex = 0; path = Pods_AccountabilityPods.framework; sourceTree = BUILT_PRODUCTS_DIR; };
		898B70832D30F70B4FEECB40 /* Pods-AccountabilityPodsTests.release.xcconfig */ = {isa = PBXFileReference; includeInIndex = 1; lastKnownFileType = text.xcconfig; name = "Pods-AccountabilityPodsTests.release.xcconfig"; path = "Target Support Files/Pods-AccountabilityPodsTests/Pods-AccountabilityPodsTests.release.xcconfig"; sourceTree = "<group>"; };
		9AB0E47EFE1CDF22C704BFB5 /* Pods-AccountabilityPods-AccountabilityPodsUITests.release.xcconfig */ = {isa = PBXFileReference; includeInIndex = 1; lastKnownFileType = text.xcconfig; name = "Pods-AccountabilityPods-AccountabilityPodsUITests.release.xcconfig"; path = "Target Support Files/Pods-AccountabilityPods-AccountabilityPodsUITests/Pods-AccountabilityPods-AccountabilityPodsUITests.release.xcconfig"; sourceTree = "<group>"; };
		A4E6E5BEE34DFFC4C5B704C7 /* Pods-AccountabilityPods.debug.xcconfig */ = {isa = PBXFileReference; includeInIndex = 1; lastKnownFileType = text.xcconfig; name = "Pods-AccountabilityPods.debug.xcconfig"; path = "Target Support Files/Pods-AccountabilityPods/Pods-AccountabilityPods.debug.xcconfig"; sourceTree = "<group>"; };
		AE145E2025716A2D00AF0F0C /* ResourceCreationViewController.swift */ = {isa = PBXFileReference; lastKnownFileType = sourcecode.swift; path = ResourceCreationViewController.swift; sourceTree = "<group>"; };
		AE77454125797C1B000CB90C /* ResourceBrowseViewController.swift */ = {isa = PBXFileReference; fileEncoding = 4; lastKnownFileType = sourcecode.swift; path = ResourceBrowseViewController.swift; sourceTree = "<group>"; };
		AE77454625797C46000CB90C /* ResourceCell.swift */ = {isa = PBXFileReference; fileEncoding = 4; lastKnownFileType = sourcecode.swift; path = ResourceCell.swift; sourceTree = "<group>"; };
		AEA0A851443E34330BA3775D /* Pods_AccountabilityPodsTests.framework */ = {isa = PBXFileReference; explicitFileType = wrapper.framework; includeInIndex = 0; path = Pods_AccountabilityPodsTests.framework; sourceTree = BUILT_PRODUCTS_DIR; };
		C3299BF725700BBD00D2C3D7 /* SignUpViewController.swift */ = {isa = PBXFileReference; lastKnownFileType = sourcecode.swift; path = SignUpViewController.swift; sourceTree = "<group>"; };
		C3299BFC25700BCE00D2C3D7 /* LoginViewController.swift */ = {isa = PBXFileReference; lastKnownFileType = sourcecode.swift; path = LoginViewController.swift; sourceTree = "<group>"; };
		C3299C0125700BE100D2C3D7 /* HomeViewController.swift */ = {isa = PBXFileReference; lastKnownFileType = sourcecode.swift; path = HomeViewController.swift; sourceTree = "<group>"; };
		C3299C0A257016C800D2C3D7 /* ForgotPasswordViewController.swift */ = {isa = PBXFileReference; lastKnownFileType = sourcecode.swift; path = ForgotPasswordViewController.swift; sourceTree = "<group>"; };
		C3299C3C2570660E00D2C3D7 /* Utilities.swift */ = {isa = PBXFileReference; lastKnownFileType = sourcecode.swift; path = Utilities.swift; sourceTree = "<group>"; };
		C3299C5E2571324800D2C3D7 /* Constants.swift */ = {isa = PBXFileReference; lastKnownFileType = sourcecode.swift; path = Constants.swift; sourceTree = "<group>"; };
		CD902288C9DC2F03E1378EBC /* Pods-AccountabilityPods.release.xcconfig */ = {isa = PBXFileReference; includeInIndex = 1; lastKnownFileType = text.xcconfig; name = "Pods-AccountabilityPods.release.xcconfig"; path = "Target Support Files/Pods-AccountabilityPods/Pods-AccountabilityPods.release.xcconfig"; sourceTree = "<group>"; };
		CDD99BAE17C822C0E6F3CA65 /* Pods-AccountabilityPodsTests.debug.xcconfig */ = {isa = PBXFileReference; includeInIndex = 1; lastKnownFileType = text.xcconfig; name = "Pods-AccountabilityPodsTests.debug.xcconfig"; path = "Target Support Files/Pods-AccountabilityPodsTests/Pods-AccountabilityPodsTests.debug.xcconfig"; sourceTree = "<group>"; };
		D43570D0257975E500FCE20C /* MyPodViewController.swift */ = {isa = PBXFileReference; lastKnownFileType = sourcecode.swift; path = MyPodViewController.swift; sourceTree = "<group>"; };
		D43570D42579967900FCE20C /* SkillsViewController.swift */ = {isa = PBXFileReference; lastKnownFileType = sourcecode.swift; path = SkillsViewController.swift; sourceTree = "<group>"; };
		D48406272545CB7F0020830A /* AccountabilityPods.app */ = {isa = PBXFileReference; explicitFileType = wrapper.application; includeInIndex = 0; path = AccountabilityPods.app; sourceTree = BUILT_PRODUCTS_DIR; };
		D484062A2545CB7F0020830A /* AppDelegate.swift */ = {isa = PBXFileReference; lastKnownFileType = sourcecode.swift; path = AppDelegate.swift; sourceTree = "<group>"; };
		D484062C2545CB7F0020830A /* SceneDelegate.swift */ = {isa = PBXFileReference; lastKnownFileType = sourcecode.swift; path = SceneDelegate.swift; sourceTree = "<group>"; };
		D484062E2545CB7F0020830A /* ViewController.swift */ = {isa = PBXFileReference; lastKnownFileType = sourcecode.swift; path = ViewController.swift; sourceTree = "<group>"; };
		D48406312545CB7F0020830A /* Base */ = {isa = PBXFileReference; lastKnownFileType = file.storyboard; name = Base; path = Base.lproj/Main.storyboard; sourceTree = "<group>"; };
		D48406332545CB800020830A /* Assets.xcassets */ = {isa = PBXFileReference; lastKnownFileType = folder.assetcatalog; path = Assets.xcassets; sourceTree = "<group>"; };
		D48406362545CB800020830A /* Base */ = {isa = PBXFileReference; lastKnownFileType = file.storyboard; name = Base; path = Base.lproj/LaunchScreen.storyboard; sourceTree = "<group>"; };
		D48406382545CB800020830A /* Info.plist */ = {isa = PBXFileReference; lastKnownFileType = text.plist.xml; path = Info.plist; sourceTree = "<group>"; };
		D484063D2545CB800020830A /* AccountabilityPodsTests.xctest */ = {isa = PBXFileReference; explicitFileType = wrapper.cfbundle; includeInIndex = 0; path = AccountabilityPodsTests.xctest; sourceTree = BUILT_PRODUCTS_DIR; };
		D48406412545CB800020830A /* AccountabilityPodsTests.swift */ = {isa = PBXFileReference; lastKnownFileType = sourcecode.swift; path = AccountabilityPodsTests.swift; sourceTree = "<group>"; };
		D48406432545CB800020830A /* Info.plist */ = {isa = PBXFileReference; lastKnownFileType = text.plist.xml; path = Info.plist; sourceTree = "<group>"; };
		D48406482545CB800020830A /* AccountabilityPodsUITests.xctest */ = {isa = PBXFileReference; explicitFileType = wrapper.cfbundle; includeInIndex = 0; path = AccountabilityPodsUITests.xctest; sourceTree = BUILT_PRODUCTS_DIR; };
		D484064C2545CB800020830A /* AccountabilityPodsUITests.swift */ = {isa = PBXFileReference; lastKnownFileType = sourcecode.swift; path = AccountabilityPodsUITests.swift; sourceTree = "<group>"; };
		D484064E2545CB800020830A /* Info.plist */ = {isa = PBXFileReference; lastKnownFileType = text.plist.xml; path = Info.plist; sourceTree = "<group>"; };
		D4AF46632562D9EF002CFE4C /* GoogleService-Info.plist */ = {isa = PBXFileReference; fileEncoding = 4; lastKnownFileType = text.plist.xml; path = "GoogleService-Info.plist"; sourceTree = "<group>"; };
		D686709664E6E050DC1B9348 /* Pods-AccountabilityPods-AccountabilityPodsUITests.debug.xcconfig */ = {isa = PBXFileReference; includeInIndex = 1; lastKnownFileType = text.xcconfig; name = "Pods-AccountabilityPods-AccountabilityPodsUITests.debug.xcconfig"; path = "Target Support Files/Pods-AccountabilityPods-AccountabilityPodsUITests/Pods-AccountabilityPods-AccountabilityPodsUITests.debug.xcconfig"; sourceTree = "<group>"; };
/* End PBXFileReference section */

/* Begin PBXFrameworksBuildPhase section */
		D48406242545CB7F0020830A /* Frameworks */ = {
			isa = PBXFrameworksBuildPhase;
			buildActionMask = 2147483647;
			files = (
				5B155AB425E3A9EBFE4D1292 /* Pods_AccountabilityPods.framework in Frameworks */,
			);
			runOnlyForDeploymentPostprocessing = 0;
		};
		D484063A2545CB800020830A /* Frameworks */ = {
			isa = PBXFrameworksBuildPhase;
			buildActionMask = 2147483647;
			files = (
				0473EA11E77DDFF5473805A5 /* Pods_AccountabilityPodsTests.framework in Frameworks */,
			);
			runOnlyForDeploymentPostprocessing = 0;
		};
		D48406452545CB800020830A /* Frameworks */ = {
			isa = PBXFrameworksBuildPhase;
			buildActionMask = 2147483647;
			files = (
				38FF0D9A37D5687DAEDBB7B7 /* Pods_AccountabilityPods_AccountabilityPodsUITests.framework in Frameworks */,
			);
			runOnlyForDeploymentPostprocessing = 0;
		};
/* End PBXFrameworksBuildPhase section */

/* Begin PBXGroup section */
		C3299C0625700BEA00D2C3D7 /* ViewControllers */ = {
			isa = PBXGroup;
			children = (
				AE77454125797C1B000CB90C /* ResourceBrowseViewController.swift */,
				C3299BFC25700BCE00D2C3D7 /* LoginViewController.swift */,
				D484062E2545CB7F0020830A /* ViewController.swift */,
				C3299C0125700BE100D2C3D7 /* HomeViewController.swift */,
				C3299BF725700BBD00D2C3D7 /* SignUpViewController.swift */,
				442DC922257873DA00036D18 /* MessagingViewController.swift */,
				C3299C0A257016C800D2C3D7 /* ForgotPasswordViewController.swift */,
				AE145E2025716A2D00AF0F0C /* ResourceCreationViewController.swift */,
				D43570D0257975E500FCE20C /* MyPodViewController.swift */,
				D43570D42579967900FCE20C /* SkillsViewController.swift */,
			);
			path = ViewControllers;
			sourceTree = "<group>";
		};
		C3299C3B257065C500D2C3D7 /* Helpers */ = {
			isa = PBXGroup;
			children = (
				AE77454625797C46000CB90C /* ResourceCell.swift */,
				C3299C3C2570660E00D2C3D7 /* Utilities.swift */,
				C3299C5E2571324800D2C3D7 /* Constants.swift */,
			);
			path = Helpers;
			sourceTree = "<group>";
		};
		CEF8876C0EFAD0EBBA6547DC /* Frameworks */ = {
			isa = PBXGroup;
			children = (
				4BC1EAE7E29B671B16CA125D /* Pods_AccountabilityPods.framework */,
				35D451B40E566A45C96FB311 /* Pods_AccountabilityPods_AccountabilityPodsUITests.framework */,
				AEA0A851443E34330BA3775D /* Pods_AccountabilityPodsTests.framework */,
			);
			name = Frameworks;
			sourceTree = "<group>";
		};
		D484061E2545CB7F0020830A = {
			isa = PBXGroup;
			children = (
				D48406292545CB7F0020830A /* AccountabilityPods */,
				D48406402545CB800020830A /* AccountabilityPodsTests */,
				D484064B2545CB800020830A /* AccountabilityPodsUITests */,
				D48406282545CB7F0020830A /* Products */,
				FE162DAAE4C88B7CF100D265 /* Pods */,
				CEF8876C0EFAD0EBBA6547DC /* Frameworks */,
			);
			sourceTree = "<group>";
		};
		D48406282545CB7F0020830A /* Products */ = {
			isa = PBXGroup;
			children = (
				D48406272545CB7F0020830A /* AccountabilityPods.app */,
				D484063D2545CB800020830A /* AccountabilityPodsTests.xctest */,
				D48406482545CB800020830A /* AccountabilityPodsUITests.xctest */,
			);
			name = Products;
			sourceTree = "<group>";
		};
		D48406292545CB7F0020830A /* AccountabilityPods */ = {
			isa = PBXGroup;
			children = (
				C3299C3B257065C500D2C3D7 /* Helpers */,
				C3299C0625700BEA00D2C3D7 /* ViewControllers */,
				D484062A2545CB7F0020830A /* AppDelegate.swift */,
				D484062C2545CB7F0020830A /* SceneDelegate.swift */,
				D48406302545CB7F0020830A /* Main.storyboard */,
				D48406332545CB800020830A /* Assets.xcassets */,
				D48406352545CB800020830A /* LaunchScreen.storyboard */,
				D48406382545CB800020830A /* Info.plist */,
				D4AF46632562D9EF002CFE4C /* GoogleService-Info.plist */,
			);
			path = AccountabilityPods;
			sourceTree = "<group>";
		};
		D48406402545CB800020830A /* AccountabilityPodsTests */ = {
			isa = PBXGroup;
			children = (
				D48406412545CB800020830A /* AccountabilityPodsTests.swift */,
				D48406432545CB800020830A /* Info.plist */,
			);
			path = AccountabilityPodsTests;
			sourceTree = "<group>";
		};
		D484064B2545CB800020830A /* AccountabilityPodsUITests */ = {
			isa = PBXGroup;
			children = (
				D484064C2545CB800020830A /* AccountabilityPodsUITests.swift */,
				D484064E2545CB800020830A /* Info.plist */,
			);
			path = AccountabilityPodsUITests;
			sourceTree = "<group>";
		};
		FE162DAAE4C88B7CF100D265 /* Pods */ = {
			isa = PBXGroup;
			children = (
				A4E6E5BEE34DFFC4C5B704C7 /* Pods-AccountabilityPods.debug.xcconfig */,
				CD902288C9DC2F03E1378EBC /* Pods-AccountabilityPods.release.xcconfig */,
				D686709664E6E050DC1B9348 /* Pods-AccountabilityPods-AccountabilityPodsUITests.debug.xcconfig */,
				9AB0E47EFE1CDF22C704BFB5 /* Pods-AccountabilityPods-AccountabilityPodsUITests.release.xcconfig */,
				CDD99BAE17C822C0E6F3CA65 /* Pods-AccountabilityPodsTests.debug.xcconfig */,
				898B70832D30F70B4FEECB40 /* Pods-AccountabilityPodsTests.release.xcconfig */,
			);
			path = Pods;
			sourceTree = "<group>";
		};
/* End PBXGroup section */

/* Begin PBXNativeTarget section */
		D48406262545CB7F0020830A /* AccountabilityPods */ = {
			isa = PBXNativeTarget;
			buildConfigurationList = D48406512545CB800020830A /* Build configuration list for PBXNativeTarget "AccountabilityPods" */;
			buildPhases = (
				31A0BB0E9433600B3D8AEFC4 /* [CP] Check Pods Manifest.lock */,
				D48406232545CB7F0020830A /* Sources */,
				D48406242545CB7F0020830A /* Frameworks */,
				D48406252545CB7F0020830A /* Resources */,
				A5B36B45E8121894B9752BE2 /* [CP] Embed Pods Frameworks */,
			);
			buildRules = (
			);
			dependencies = (
			);
			name = AccountabilityPods;
			productName = AccountabilityPods;
			productReference = D48406272545CB7F0020830A /* AccountabilityPods.app */;
			productType = "com.apple.product-type.application";
		};
		D484063C2545CB800020830A /* AccountabilityPodsTests */ = {
			isa = PBXNativeTarget;
			buildConfigurationList = D48406542545CB800020830A /* Build configuration list for PBXNativeTarget "AccountabilityPodsTests" */;
			buildPhases = (
				556A4C1618F7FC9A1A095D21 /* [CP] Check Pods Manifest.lock */,
				D48406392545CB800020830A /* Sources */,
				D484063A2545CB800020830A /* Frameworks */,
				D484063B2545CB800020830A /* Resources */,
			);
			buildRules = (
			);
			dependencies = (
				D484063F2545CB800020830A /* PBXTargetDependency */,
			);
			name = AccountabilityPodsTests;
			productName = AccountabilityPodsTests;
			productReference = D484063D2545CB800020830A /* AccountabilityPodsTests.xctest */;
			productType = "com.apple.product-type.bundle.unit-test";
		};
		D48406472545CB800020830A /* AccountabilityPodsUITests */ = {
			isa = PBXNativeTarget;
			buildConfigurationList = D48406572545CB800020830A /* Build configuration list for PBXNativeTarget "AccountabilityPodsUITests" */;
			buildPhases = (
				DA248A24ECB729130552A670 /* [CP] Check Pods Manifest.lock */,
				D48406442545CB800020830A /* Sources */,
				D48406452545CB800020830A /* Frameworks */,
				D48406462545CB800020830A /* Resources */,
				52EAC2FEAA6A8BA318B887D6 /* [CP] Embed Pods Frameworks */,
			);
			buildRules = (
			);
			dependencies = (
				D484064A2545CB800020830A /* PBXTargetDependency */,
			);
			name = AccountabilityPodsUITests;
			productName = AccountabilityPodsUITests;
			productReference = D48406482545CB800020830A /* AccountabilityPodsUITests.xctest */;
			productType = "com.apple.product-type.bundle.ui-testing";
		};
/* End PBXNativeTarget section */

/* Begin PBXProject section */
		D484061F2545CB7F0020830A /* Project object */ = {
			isa = PBXProject;
			attributes = {
				LastSwiftUpdateCheck = 1170;
				LastUpgradeCheck = 1170;
				ORGANIZATIONNAME = CapstoneGroup;
				TargetAttributes = {
					D48406262545CB7F0020830A = {
						CreatedOnToolsVersion = 11.7;
					};
					D484063C2545CB800020830A = {
						CreatedOnToolsVersion = 11.7;
						TestTargetID = D48406262545CB7F0020830A;
					};
					D48406472545CB800020830A = {
						CreatedOnToolsVersion = 11.7;
						TestTargetID = D48406262545CB7F0020830A;
					};
				};
			};
			buildConfigurationList = D48406222545CB7F0020830A /* Build configuration list for PBXProject "AccountabilityPods" */;
			compatibilityVersion = "Xcode 9.3";
			developmentRegion = en;
			hasScannedForEncodings = 0;
			knownRegions = (
				en,
				Base,
			);
			mainGroup = D484061E2545CB7F0020830A;
			productRefGroup = D48406282545CB7F0020830A /* Products */;
			projectDirPath = "";
			projectRoot = "";
			targets = (
				D48406262545CB7F0020830A /* AccountabilityPods */,
				D484063C2545CB800020830A /* AccountabilityPodsTests */,
				D48406472545CB800020830A /* AccountabilityPodsUITests */,
			);
		};
/* End PBXProject section */

/* Begin PBXResourcesBuildPhase section */
		D48406252545CB7F0020830A /* Resources */ = {
			isa = PBXResourcesBuildPhase;
			buildActionMask = 2147483647;
			files = (
				D48406372545CB800020830A /* LaunchScreen.storyboard in Resources */,
				D4AF46642562D9EF002CFE4C /* GoogleService-Info.plist in Resources */,
				D48406342545CB800020830A /* Assets.xcassets in Resources */,
				D48406322545CB7F0020830A /* Main.storyboard in Resources */,
			);
			runOnlyForDeploymentPostprocessing = 0;
		};
		D484063B2545CB800020830A /* Resources */ = {
			isa = PBXResourcesBuildPhase;
			buildActionMask = 2147483647;
			files = (
			);
			runOnlyForDeploymentPostprocessing = 0;
		};
		D48406462545CB800020830A /* Resources */ = {
			isa = PBXResourcesBuildPhase;
			buildActionMask = 2147483647;
			files = (
			);
			runOnlyForDeploymentPostprocessing = 0;
		};
/* End PBXResourcesBuildPhase section */

/* Begin PBXShellScriptBuildPhase section */
		31A0BB0E9433600B3D8AEFC4 /* [CP] Check Pods Manifest.lock */ = {
			isa = PBXShellScriptBuildPhase;
			buildActionMask = 2147483647;
			files = (
			);
			inputFileListPaths = (
			);
			inputPaths = (
				"${PODS_PODFILE_DIR_PATH}/Podfile.lock",
				"${PODS_ROOT}/Manifest.lock",
			);
			name = "[CP] Check Pods Manifest.lock";
			outputFileListPaths = (
			);
			outputPaths = (
				"$(DERIVED_FILE_DIR)/Pods-AccountabilityPods-checkManifestLockResult.txt",
			);
			runOnlyForDeploymentPostprocessing = 0;
			shellPath = /bin/sh;
			shellScript = "diff \"${PODS_PODFILE_DIR_PATH}/Podfile.lock\" \"${PODS_ROOT}/Manifest.lock\" > /dev/null\nif [ $? != 0 ] ; then\n    # print error to STDERR\n    echo \"error: The sandbox is not in sync with the Podfile.lock. Run 'pod install' or update your CocoaPods installation.\" >&2\n    exit 1\nfi\n# This output is used by Xcode 'outputs' to avoid re-running this script phase.\necho \"SUCCESS\" > \"${SCRIPT_OUTPUT_FILE_0}\"\n";
			showEnvVarsInLog = 0;
		};
		52EAC2FEAA6A8BA318B887D6 /* [CP] Embed Pods Frameworks */ = {
			isa = PBXShellScriptBuildPhase;
			buildActionMask = 2147483647;
			files = (
			);
			inputFileListPaths = (
				"${PODS_ROOT}/Target Support Files/Pods-AccountabilityPods-AccountabilityPodsUITests/Pods-AccountabilityPods-AccountabilityPodsUITests-frameworks-${CONFIGURATION}-input-files.xcfilelist",
			);
			name = "[CP] Embed Pods Frameworks";
			outputFileListPaths = (
				"${PODS_ROOT}/Target Support Files/Pods-AccountabilityPods-AccountabilityPodsUITests/Pods-AccountabilityPods-AccountabilityPodsUITests-frameworks-${CONFIGURATION}-output-files.xcfilelist",
			);
			runOnlyForDeploymentPostprocessing = 0;
			shellPath = /bin/sh;
			shellScript = "\"${PODS_ROOT}/Target Support Files/Pods-AccountabilityPods-AccountabilityPodsUITests/Pods-AccountabilityPods-AccountabilityPodsUITests-frameworks.sh\"\n";
			showEnvVarsInLog = 0;
		};
		556A4C1618F7FC9A1A095D21 /* [CP] Check Pods Manifest.lock */ = {
			isa = PBXShellScriptBuildPhase;
			buildActionMask = 2147483647;
			files = (
			);
			inputFileListPaths = (
			);
			inputPaths = (
				"${PODS_PODFILE_DIR_PATH}/Podfile.lock",
				"${PODS_ROOT}/Manifest.lock",
			);
			name = "[CP] Check Pods Manifest.lock";
			outputFileListPaths = (
			);
			outputPaths = (
				"$(DERIVED_FILE_DIR)/Pods-AccountabilityPodsTests-checkManifestLockResult.txt",
			);
			runOnlyForDeploymentPostprocessing = 0;
			shellPath = /bin/sh;
			shellScript = "diff \"${PODS_PODFILE_DIR_PATH}/Podfile.lock\" \"${PODS_ROOT}/Manifest.lock\" > /dev/null\nif [ $? != 0 ] ; then\n    # print error to STDERR\n    echo \"error: The sandbox is not in sync with the Podfile.lock. Run 'pod install' or update your CocoaPods installation.\" >&2\n    exit 1\nfi\n# This output is used by Xcode 'outputs' to avoid re-running this script phase.\necho \"SUCCESS\" > \"${SCRIPT_OUTPUT_FILE_0}\"\n";
			showEnvVarsInLog = 0;
		};
		A5B36B45E8121894B9752BE2 /* [CP] Embed Pods Frameworks */ = {
			isa = PBXShellScriptBuildPhase;
			buildActionMask = 2147483647;
			files = (
			);
			inputFileListPaths = (
				"${PODS_ROOT}/Target Support Files/Pods-AccountabilityPods/Pods-AccountabilityPods-frameworks-${CONFIGURATION}-input-files.xcfilelist",
			);
			name = "[CP] Embed Pods Frameworks";
			outputFileListPaths = (
				"${PODS_ROOT}/Target Support Files/Pods-AccountabilityPods/Pods-AccountabilityPods-frameworks-${CONFIGURATION}-output-files.xcfilelist",
			);
			runOnlyForDeploymentPostprocessing = 0;
			shellPath = /bin/sh;
			shellScript = "\"${PODS_ROOT}/Target Support Files/Pods-AccountabilityPods/Pods-AccountabilityPods-frameworks.sh\"\n";
			showEnvVarsInLog = 0;
		};
		DA248A24ECB729130552A670 /* [CP] Check Pods Manifest.lock */ = {
			isa = PBXShellScriptBuildPhase;
			buildActionMask = 2147483647;
			files = (
			);
			inputFileListPaths = (
			);
			inputPaths = (
				"${PODS_PODFILE_DIR_PATH}/Podfile.lock",
				"${PODS_ROOT}/Manifest.lock",
			);
			name = "[CP] Check Pods Manifest.lock";
			outputFileListPaths = (
			);
			outputPaths = (
				"$(DERIVED_FILE_DIR)/Pods-AccountabilityPods-AccountabilityPodsUITests-checkManifestLockResult.txt",
			);
			runOnlyForDeploymentPostprocessing = 0;
			shellPath = /bin/sh;
			shellScript = "diff \"${PODS_PODFILE_DIR_PATH}/Podfile.lock\" \"${PODS_ROOT}/Manifest.lock\" > /dev/null\nif [ $? != 0 ] ; then\n    # print error to STDERR\n    echo \"error: The sandbox is not in sync with the Podfile.lock. Run 'pod install' or update your CocoaPods installation.\" >&2\n    exit 1\nfi\n# This output is used by Xcode 'outputs' to avoid re-running this script phase.\necho \"SUCCESS\" > \"${SCRIPT_OUTPUT_FILE_0}\"\n";
			showEnvVarsInLog = 0;
		};
/* End PBXShellScriptBuildPhase section */

/* Begin PBXSourcesBuildPhase section */
		D48406232545CB7F0020830A /* Sources */ = {
			isa = PBXSourcesBuildPhase;
			buildActionMask = 2147483647;
			files = (
				D43570D1257975E500FCE20C /* MyPodViewController.swift in Sources */,
				AE77454725797C46000CB90C /* ResourceCell.swift in Sources */,
				D484062F2545CB7F0020830A /* ViewController.swift in Sources */,
				C3299C0B257016C800D2C3D7 /* ForgotPasswordViewController.swift in Sources */,
				D484062B2545CB7F0020830A /* AppDelegate.swift in Sources */,
				C3299BF825700BBD00D2C3D7 /* SignUpViewController.swift in Sources */,
				442DC923257873DA00036D18 /* MessagingViewController.swift in Sources */,
				C3299BFD25700BCE00D2C3D7 /* LoginViewController.swift in Sources */,
				D484062D2545CB7F0020830A /* SceneDelegate.swift in Sources */,
				D43570D52579967900FCE20C /* SkillsViewController.swift in Sources */,
				C3299C3D2570660E00D2C3D7 /* Utilities.swift in Sources */,
				AE145E2125716A2E00AF0F0C /* ResourceCreationViewController.swift in Sources */,
				C3299C0225700BE100D2C3D7 /* HomeViewController.swift in Sources */,
				AE77454225797C1B000CB90C /* ResourceBrowseViewController.swift in Sources */,
				C3299C5F2571324800D2C3D7 /* Constants.swift in Sources */,
			);
			runOnlyForDeploymentPostprocessing = 0;
		};
		D48406392545CB800020830A /* Sources */ = {
			isa = PBXSourcesBuildPhase;
			buildActionMask = 2147483647;
			files = (
				D48406422545CB800020830A /* AccountabilityPodsTests.swift in Sources */,
			);
			runOnlyForDeploymentPostprocessing = 0;
		};
		D48406442545CB800020830A /* Sources */ = {
			isa = PBXSourcesBuildPhase;
			buildActionMask = 2147483647;
			files = (
				D484064D2545CB800020830A /* AccountabilityPodsUITests.swift in Sources */,
			);
			runOnlyForDeploymentPostprocessing = 0;
		};
/* End PBXSourcesBuildPhase section */

/* Begin PBXTargetDependency section */
		D484063F2545CB800020830A /* PBXTargetDependency */ = {
			isa = PBXTargetDependency;
			target = D48406262545CB7F0020830A /* AccountabilityPods */;
			targetProxy = D484063E2545CB800020830A /* PBXContainerItemProxy */;
		};
		D484064A2545CB800020830A /* PBXTargetDependency */ = {
			isa = PBXTargetDependency;
			target = D48406262545CB7F0020830A /* AccountabilityPods */;
			targetProxy = D48406492545CB800020830A /* PBXContainerItemProxy */;
		};
/* End PBXTargetDependency section */

/* Begin PBXVariantGroup section */
		D48406302545CB7F0020830A /* Main.storyboard */ = {
			isa = PBXVariantGroup;
			children = (
				D48406312545CB7F0020830A /* Base */,
			);
			name = Main.storyboard;
			sourceTree = "<group>";
		};
		D48406352545CB800020830A /* LaunchScreen.storyboard */ = {
			isa = PBXVariantGroup;
			children = (
				D48406362545CB800020830A /* Base */,
			);
			name = LaunchScreen.storyboard;
			sourceTree = "<group>";
		};
/* End PBXVariantGroup section */

/* Begin XCBuildConfiguration section */
		D484064F2545CB800020830A /* Debug */ = {
			isa = XCBuildConfiguration;
			buildSettings = {
				ALWAYS_SEARCH_USER_PATHS = NO;
				CLANG_ANALYZER_NONNULL = YES;
				CLANG_ANALYZER_NUMBER_OBJECT_CONVERSION = YES_AGGRESSIVE;
				CLANG_CXX_LANGUAGE_STANDARD = "gnu++14";
				CLANG_CXX_LIBRARY = "libc++";
				CLANG_ENABLE_MODULES = YES;
				CLANG_ENABLE_OBJC_ARC = YES;
				CLANG_ENABLE_OBJC_WEAK = YES;
				CLANG_WARN_BLOCK_CAPTURE_AUTORELEASING = YES;
				CLANG_WARN_BOOL_CONVERSION = YES;
				CLANG_WARN_COMMA = YES;
				CLANG_WARN_CONSTANT_CONVERSION = YES;
				CLANG_WARN_DEPRECATED_OBJC_IMPLEMENTATIONS = YES;
				CLANG_WARN_DIRECT_OBJC_ISA_USAGE = YES_ERROR;
				CLANG_WARN_DOCUMENTATION_COMMENTS = YES;
				CLANG_WARN_EMPTY_BODY = YES;
				CLANG_WARN_ENUM_CONVERSION = YES;
				CLANG_WARN_INFINITE_RECURSION = YES;
				CLANG_WARN_INT_CONVERSION = YES;
				CLANG_WARN_NON_LITERAL_NULL_CONVERSION = YES;
				CLANG_WARN_OBJC_IMPLICIT_RETAIN_SELF = YES;
				CLANG_WARN_OBJC_LITERAL_CONVERSION = YES;
				CLANG_WARN_OBJC_ROOT_CLASS = YES_ERROR;
				CLANG_WARN_RANGE_LOOP_ANALYSIS = YES;
				CLANG_WARN_STRICT_PROTOTYPES = YES;
				CLANG_WARN_SUSPICIOUS_MOVE = YES;
				CLANG_WARN_UNGUARDED_AVAILABILITY = YES_AGGRESSIVE;
				CLANG_WARN_UNREACHABLE_CODE = YES;
				CLANG_WARN__DUPLICATE_METHOD_MATCH = YES;
				COPY_PHASE_STRIP = NO;
				DEBUG_INFORMATION_FORMAT = dwarf;
				ENABLE_STRICT_OBJC_MSGSEND = YES;
				ENABLE_TESTABILITY = YES;
				GCC_C_LANGUAGE_STANDARD = gnu11;
				GCC_DYNAMIC_NO_PIC = NO;
				GCC_NO_COMMON_BLOCKS = YES;
				GCC_OPTIMIZATION_LEVEL = 0;
				GCC_PREPROCESSOR_DEFINITIONS = (
					"DEBUG=1",
					"$(inherited)",
				);
				GCC_WARN_64_TO_32_BIT_CONVERSION = YES;
				GCC_WARN_ABOUT_RETURN_TYPE = YES_ERROR;
				GCC_WARN_UNDECLARED_SELECTOR = YES;
				GCC_WARN_UNINITIALIZED_AUTOS = YES_AGGRESSIVE;
				GCC_WARN_UNUSED_FUNCTION = YES;
				GCC_WARN_UNUSED_VARIABLE = YES;
				IPHONEOS_DEPLOYMENT_TARGET = 13.7;
				MTL_ENABLE_DEBUG_INFO = INCLUDE_SOURCE;
				MTL_FAST_MATH = YES;
				ONLY_ACTIVE_ARCH = YES;
				SDKROOT = iphoneos;
				SWIFT_ACTIVE_COMPILATION_CONDITIONS = DEBUG;
				SWIFT_OPTIMIZATION_LEVEL = "-Onone";
			};
			name = Debug;
		};
		D48406502545CB800020830A /* Release */ = {
			isa = XCBuildConfiguration;
			buildSettings = {
				ALWAYS_SEARCH_USER_PATHS = NO;
				CLANG_ANALYZER_NONNULL = YES;
				CLANG_ANALYZER_NUMBER_OBJECT_CONVERSION = YES_AGGRESSIVE;
				CLANG_CXX_LANGUAGE_STANDARD = "gnu++14";
				CLANG_CXX_LIBRARY = "libc++";
				CLANG_ENABLE_MODULES = YES;
				CLANG_ENABLE_OBJC_ARC = YES;
				CLANG_ENABLE_OBJC_WEAK = YES;
				CLANG_WARN_BLOCK_CAPTURE_AUTORELEASING = YES;
				CLANG_WARN_BOOL_CONVERSION = YES;
				CLANG_WARN_COMMA = YES;
				CLANG_WARN_CONSTANT_CONVERSION = YES;
				CLANG_WARN_DEPRECATED_OBJC_IMPLEMENTATIONS = YES;
				CLANG_WARN_DIRECT_OBJC_ISA_USAGE = YES_ERROR;
				CLANG_WARN_DOCUMENTATION_COMMENTS = YES;
				CLANG_WARN_EMPTY_BODY = YES;
				CLANG_WARN_ENUM_CONVERSION = YES;
				CLANG_WARN_INFINITE_RECURSION = YES;
				CLANG_WARN_INT_CONVERSION = YES;
				CLANG_WARN_NON_LITERAL_NULL_CONVERSION = YES;
				CLANG_WARN_OBJC_IMPLICIT_RETAIN_SELF = YES;
				CLANG_WARN_OBJC_LITERAL_CONVERSION = YES;
				CLANG_WARN_OBJC_ROOT_CLASS = YES_ERROR;
				CLANG_WARN_RANGE_LOOP_ANALYSIS = YES;
				CLANG_WARN_STRICT_PROTOTYPES = YES;
				CLANG_WARN_SUSPICIOUS_MOVE = YES;
				CLANG_WARN_UNGUARDED_AVAILABILITY = YES_AGGRESSIVE;
				CLANG_WARN_UNREACHABLE_CODE = YES;
				CLANG_WARN__DUPLICATE_METHOD_MATCH = YES;
				COPY_PHASE_STRIP = NO;
				DEBUG_INFORMATION_FORMAT = "dwarf-with-dsym";
				ENABLE_NS_ASSERTIONS = NO;
				ENABLE_STRICT_OBJC_MSGSEND = YES;
				GCC_C_LANGUAGE_STANDARD = gnu11;
				GCC_NO_COMMON_BLOCKS = YES;
				GCC_WARN_64_TO_32_BIT_CONVERSION = YES;
				GCC_WARN_ABOUT_RETURN_TYPE = YES_ERROR;
				GCC_WARN_UNDECLARED_SELECTOR = YES;
				GCC_WARN_UNINITIALIZED_AUTOS = YES_AGGRESSIVE;
				GCC_WARN_UNUSED_FUNCTION = YES;
				GCC_WARN_UNUSED_VARIABLE = YES;
				IPHONEOS_DEPLOYMENT_TARGET = 13.7;
				MTL_ENABLE_DEBUG_INFO = NO;
				MTL_FAST_MATH = YES;
				SDKROOT = iphoneos;
				SWIFT_COMPILATION_MODE = wholemodule;
				SWIFT_OPTIMIZATION_LEVEL = "-O";
				VALIDATE_PRODUCT = YES;
			};
			name = Release;
		};
		D48406522545CB800020830A /* Debug */ = {
			isa = XCBuildConfiguration;
			baseConfigurationReference = A4E6E5BEE34DFFC4C5B704C7 /* Pods-AccountabilityPods.debug.xcconfig */;
			buildSettings = {
				ASSETCATALOG_COMPILER_APPICON_NAME = AppIcon;
				CODE_SIGN_STYLE = Automatic;
				INFOPLIST_FILE = AccountabilityPods/Info.plist;
				LD_RUNPATH_SEARCH_PATHS = (
					"$(inherited)",
					"@executable_path/Frameworks",
				);
				PRODUCT_BUNDLE_IDENTIFIER = cg.AccountabilityPods;
				PRODUCT_NAME = "$(TARGET_NAME)";
				SWIFT_VERSION = 5.0;
				TARGETED_DEVICE_FAMILY = "1,2";
			};
			name = Debug;
		};
		D48406532545CB800020830A /* Release */ = {
			isa = XCBuildConfiguration;
			baseConfigurationReference = CD902288C9DC2F03E1378EBC /* Pods-AccountabilityPods.release.xcconfig */;
			buildSettings = {
				ASSETCATALOG_COMPILER_APPICON_NAME = AppIcon;
				CODE_SIGN_STYLE = Automatic;
				INFOPLIST_FILE = AccountabilityPods/Info.plist;
				LD_RUNPATH_SEARCH_PATHS = (
					"$(inherited)",
					"@executable_path/Frameworks",
				);
				PRODUCT_BUNDLE_IDENTIFIER = cg.AccountabilityPods;
				PRODUCT_NAME = "$(TARGET_NAME)";
				SWIFT_VERSION = 5.0;
				TARGETED_DEVICE_FAMILY = "1,2";
			};
			name = Release;
		};
		D48406552545CB800020830A /* Debug */ = {
			isa = XCBuildConfiguration;
			baseConfigurationReference = CDD99BAE17C822C0E6F3CA65 /* Pods-AccountabilityPodsTests.debug.xcconfig */;
			buildSettings = {
				ALWAYS_EMBED_SWIFT_STANDARD_LIBRARIES = YES;
				BUNDLE_LOADER = "$(TEST_HOST)";
				CODE_SIGN_STYLE = Automatic;
				INFOPLIST_FILE = AccountabilityPodsTests/Info.plist;
				IPHONEOS_DEPLOYMENT_TARGET = 13.7;
				LD_RUNPATH_SEARCH_PATHS = (
					"$(inherited)",
					"@executable_path/Frameworks",
					"@loader_path/Frameworks",
				);
				PRODUCT_BUNDLE_IDENTIFIER = cg.AccountabilityPodsTests;
				PRODUCT_NAME = "$(TARGET_NAME)";
				SWIFT_VERSION = 5.0;
				TARGETED_DEVICE_FAMILY = "1,2";
				TEST_HOST = "$(BUILT_PRODUCTS_DIR)/AccountabilityPods.app/AccountabilityPods";
			};
			name = Debug;
		};
		D48406562545CB800020830A /* Release */ = {
			isa = XCBuildConfiguration;
			baseConfigurationReference = 898B70832D30F70B4FEECB40 /* Pods-AccountabilityPodsTests.release.xcconfig */;
			buildSettings = {
				ALWAYS_EMBED_SWIFT_STANDARD_LIBRARIES = YES;
				BUNDLE_LOADER = "$(TEST_HOST)";
				CODE_SIGN_STYLE = Automatic;
				INFOPLIST_FILE = AccountabilityPodsTests/Info.plist;
				IPHONEOS_DEPLOYMENT_TARGET = 13.7;
				LD_RUNPATH_SEARCH_PATHS = (
					"$(inherited)",
					"@executable_path/Frameworks",
					"@loader_path/Frameworks",
				);
				PRODUCT_BUNDLE_IDENTIFIER = cg.AccountabilityPodsTests;
				PRODUCT_NAME = "$(TARGET_NAME)";
				SWIFT_VERSION = 5.0;
				TARGETED_DEVICE_FAMILY = "1,2";
				TEST_HOST = "$(BUILT_PRODUCTS_DIR)/AccountabilityPods.app/AccountabilityPods";
			};
			name = Release;
		};
		D48406582545CB800020830A /* Debug */ = {
			isa = XCBuildConfiguration;
			baseConfigurationReference = D686709664E6E050DC1B9348 /* Pods-AccountabilityPods-AccountabilityPodsUITests.debug.xcconfig */;
			buildSettings = {
				ALWAYS_EMBED_SWIFT_STANDARD_LIBRARIES = YES;
				CODE_SIGN_STYLE = Automatic;
				INFOPLIST_FILE = AccountabilityPodsUITests/Info.plist;
				LD_RUNPATH_SEARCH_PATHS = (
					"$(inherited)",
					"@executable_path/Frameworks",
					"@loader_path/Frameworks",
				);
				PRODUCT_BUNDLE_IDENTIFIER = cg.AccountabilityPodsUITests;
				PRODUCT_NAME = "$(TARGET_NAME)";
				SWIFT_VERSION = 5.0;
				TARGETED_DEVICE_FAMILY = "1,2";
				TEST_TARGET_NAME = AccountabilityPods;
			};
			name = Debug;
		};
		D48406592545CB800020830A /* Release */ = {
			isa = XCBuildConfiguration;
			baseConfigurationReference = 9AB0E47EFE1CDF22C704BFB5 /* Pods-AccountabilityPods-AccountabilityPodsUITests.release.xcconfig */;
			buildSettings = {
				ALWAYS_EMBED_SWIFT_STANDARD_LIBRARIES = YES;
				CODE_SIGN_STYLE = Automatic;
				INFOPLIST_FILE = AccountabilityPodsUITests/Info.plist;
				LD_RUNPATH_SEARCH_PATHS = (
					"$(inherited)",
					"@executable_path/Frameworks",
					"@loader_path/Frameworks",
				);
				PRODUCT_BUNDLE_IDENTIFIER = cg.AccountabilityPodsUITests;
				PRODUCT_NAME = "$(TARGET_NAME)";
				SWIFT_VERSION = 5.0;
				TARGETED_DEVICE_FAMILY = "1,2";
				TEST_TARGET_NAME = AccountabilityPods;
			};
			name = Release;
		};
/* End XCBuildConfiguration section */

/* Begin XCConfigurationList section */
		D48406222545CB7F0020830A /* Build configuration list for PBXProject "AccountabilityPods" */ = {
			isa = XCConfigurationList;
			buildConfigurations = (
				D484064F2545CB800020830A /* Debug */,
				D48406502545CB800020830A /* Release */,
			);
			defaultConfigurationIsVisible = 0;
			defaultConfigurationName = Release;
		};
		D48406512545CB800020830A /* Build configuration list for PBXNativeTarget "AccountabilityPods" */ = {
			isa = XCConfigurationList;
			buildConfigurations = (
				D48406522545CB800020830A /* Debug */,
				D48406532545CB800020830A /* Release */,
			);
			defaultConfigurationIsVisible = 0;
			defaultConfigurationName = Release;
		};
		D48406542545CB800020830A /* Build configuration list for PBXNativeTarget "AccountabilityPodsTests" */ = {
			isa = XCConfigurationList;
			buildConfigurations = (
				D48406552545CB800020830A /* Debug */,
				D48406562545CB800020830A /* Release */,
			);
			defaultConfigurationIsVisible = 0;
			defaultConfigurationName = Release;
		};
		D48406572545CB800020830A /* Build configuration list for PBXNativeTarget "AccountabilityPodsUITests" */ = {
			isa = XCConfigurationList;
			buildConfigurations = (
				D48406582545CB800020830A /* Debug */,
				D48406592545CB800020830A /* Release */,
			);
			defaultConfigurationIsVisible = 0;
			defaultConfigurationName = Release;
		};
/* End XCConfigurationList section */
	};
	rootObject = D484061F2545CB7F0020830A /* Project object */;
}
